
Microsoft Visual Studio Solution File, Format Version 12.00
# Visual Studio Version 16
VisualStudioVersion = 16.0.29020.237
MinimumVisualStudioVersion = 10.0.40219.1
Project("{FAE04EC0-301F-11D3-BF4B-00C04F79EFBC}") = "JTK.ArduinoArcade", "JTK.ArduinoArcade\JTK.ArduinoArcade.csproj", "{12ED2E80-0117-4484-BD9E-B65A97D43F37}"
EndProject
Global
	GlobalSection(SolutionConfigurationPlatforms) = preSolution
		Debug|Any CPU = Debug|Any CPU
		Release|Any CPU = Release|Any CPU
	EndGlobalSection
	GlobalSection(ProjectConfigurationPlatforms) = postSolution
		{12ED2E80-0117-4484-BD9E-B65A97D43F37}.Debug|Any CPU.ActiveCfg = Debug|Any CPU
		{12ED2E80-0117-4484-BD9E-B65A97D43F37}.Debug|Any CPU.Build.0 = Debug|Any CPU
		{12ED2E80-0117-4484-BD9E-B65A97D43F37}.Release|Any CPU.ActiveCfg = Release|Any CPU
		{12ED2E80-0117-4484-BD9E-B65A97D43F37}.Release|Any CPU.Build.0 = Release|Any CPU
	EndGlobalSection
	GlobalSection(SolutionProperties) = preSolution
		HideSolutionNode = FALSE
	EndGlobalSection
	GlobalSection(ExtensibilityGlobals) = postSolution
		SolutionGuid = {D69ADDEE-1D07-43A9-90E6-E05442F341CB}
	EndGlobalSection
EndGlobal
